
Microsoft Visual Studio Solution File, Format Version 12.00
# Visual Studio Version 16
VisualStudioVersion = 16.0.30523.141
MinimumVisualStudioVersion = 10.0.40219.1
Project("{8BC9CEB8-8B4A-11D0-8D11-00A0C91BC942}") = "Sets-and-Maps", "Sets-and-Maps\Sets-and-Maps.vcxproj", "{BAB2AE02-B4E1-46B5-94BF-D2673ED28A3E}"
EndProject
Global
	GlobalSection(SolutionConfigurationPlatforms) = preSolution
		Debug|x64 = Debug|x64
		Debug|x86 = Debug|x86
		Release|x64 = Release|x64
		Release|x86 = Release|x86
	EndGlobalSection
	GlobalSection(ProjectConfigurationPlatforms) = postSolution
		{BAB2AE02-B4E1-46B5-94BF-D2673ED28A3E}.Debug|x64.ActiveCfg = Debug|x64
		{BAB2AE02-B4E1-46B5-94BF-D2673ED28A3E}.Debug|x64.Build.0 = Debug|x64
		{BAB2AE02-B4E1-46B5-94BF-D2673ED28A3E}.Debug|x86.ActiveCfg = Debug|Win32
		{BAB2AE02-B4E1-46B5-94BF-D2673ED28A3E}.Debug|x86.Build.0 = Debug|Win32
		{BAB2AE02-B4E1-46B5-94BF-D2673ED28A3E}.Release|x64.ActiveCfg = Release|x64
		{BAB2AE02-B4E1-46B5-94BF-D2673ED28A3E}.Release|x64.Build.0 = Release|x64
		{BAB2AE02-B4E1-46B5-94BF-D2673ED28A3E}.Release|x86.ActiveCfg = Release|Win32
		{BAB2AE02-B4E1-46B5-94BF-D2673ED28A3E}.Release|x86.Build.0 = Release|Win32
	EndGlobalSection
	GlobalSection(SolutionProperties) = preSolution
		HideSolutionNode = FALSE
	EndGlobalSection
	GlobalSection(ExtensibilityGlobals) = postSolution
		SolutionGuid = {0F53F2EE-5783-4572-9A01-45BC62E6D2E7}
	EndGlobalSection
EndGlobal
